
Microsoft Visual Studio Solution File, Format Version 12.00
# Visual Studio Version 16
VisualStudioVersion = 16.0.33130.400
MinimumVisualStudioVersion = 10.0.40219.1
Project("{FAE04EC0-301F-11D3-BF4B-00C04F79EFBC}") = "Invit14 Downloader", "Invit14 Downloader\Invit14 Downloader.csproj", "{14DD5510-CD43-4DB5-A8EF-9870032D90D4}"
EndProject
Global
	GlobalSection(SolutionConfigurationPlatforms) = preSolution
		Debug|Any CPU = Debug|Any CPU
		Release|Any CPU = Release|Any CPU
	EndGlobalSection
	GlobalSection(ProjectConfigurationPlatforms) = postSolution
		{14DD5510-CD43-4DB5-A8EF-9870032D90D4}.Debug|Any CPU.ActiveCfg = Debug|Any CPU
		{14DD5510-CD43-4DB5-A8EF-9870032D90D4}.Debug|Any CPU.Build.0 = Debug|Any CPU
		{14DD5510-CD43-4DB5-A8EF-9870032D90D4}.Release|Any CPU.ActiveCfg = Release|Any CPU
		{14DD5510-CD43-4DB5-A8EF-9870032D90D4}.Release|Any CPU.Build.0 = Release|Any CPU
	EndGlobalSection
	GlobalSection(SolutionProperties) = preSolution
		HideSolutionNode = FALSE
	EndGlobalSection
	GlobalSection(ExtensibilityGlobals) = postSolution
		SolutionGuid = {43ED47B2-2A84-4F67-8297-2444B449D5DB}
	EndGlobalSection
EndGlobal
